{
  "version": 4,
  "terraform_version": "1.11.4",
  "serial": 300,
  "lineage": "8fa82fd2-4d84-a140-b34a-6aac57e505cf",
  "outputs": {
    "connection_url": {
      "value": "https://ap-south-1.console.aws.amazon.com/codesuite/settings/connections",
      "type": "string"
    },
    "pipeline_url": {
      "value": "https://ap-south-1.console.aws.amazon.com/codesuite/codepipeline/pipelines/react-app-pipeline/view",
      "type": "string"
    },
    "repository_url": {
      "value": "004165098217.dkr.ecr.ap-south-1.amazonaws.com/react-app",
      "type": "string"
    },
    "task_public_ip": {
      "value": "Find the public IP in AWS Console: ECS \u003e Clusters \u003e react-app-cluster \u003e Tasks",
      "type": "string"
    }
  },
  "resources": [
    {
      "mode": "managed",
      "type": "aws_cloudwatch_log_group",
      "name": "ecs",
      "provider": "provider[\"registry.terraform.io/hashicorp/aws\"]",
      "instances": [
        {
          "schema_version": 0,
          "attributes": {
            "arn": "arn:aws:logs:ap-south-1:004165098217:log-group:/ecs/react-app",
            "id": "/ecs/react-app",
            "kms_key_id": "",
            "log_group_class": "STANDARD",
            "name": "/ecs/react-app",
            "name_prefix": "",
            "retention_in_days": 1,
            "skip_destroy": false,
            "tags": null,
            "tags_all": {}
          },
          "sensitive_attributes": [],
          "private": "bnVsbA=="
        }
      ]
    },
    {
      "mode": "managed",
      "type": "aws_codebuild_project",
      "name": "app_build",
      "provider": "provider[\"registry.terraform.io/hashicorp/aws\"]",
      "instances": [
        {
          "schema_version": 0,
          "attributes": {
            "arn": "arn:aws:codebuild:ap-south-1:004165098217:project/react-app-build",
            "artifacts": [
              {
                "artifact_identifier": "",
                "bucket_owner_access": "",
                "encryption_disabled": false,
                "location": "",
                "name": "react-app-build",
                "namespace_type": "",
                "override_artifact_name": false,
                "packaging": "NONE",
                "path": "",
                "type": "CODEPIPELINE"
              }
            ],
            "badge_enabled": false,
            "badge_url": "",
            "build_batch_config": [],
            "build_timeout": 60,
            "cache": [
              {
                "location": "",
                "modes": [],
                "type": "NO_CACHE"
              }
            ],
            "concurrent_build_limit": 0,
            "description": "Builds React app Docker image",
            "encryption_key": "arn:aws:kms:ap-south-1:004165098217:alias/aws/s3",
            "environment": [
              {
                "certificate": "",
                "compute_type": "BUILD_GENERAL1_SMALL",
                "environment_variable": [
                  {
                    "name": "ECR_REPOSITORY_URI",
                    "type": "PLAINTEXT",
                    "value": "004165098217.dkr.ecr.ap-south-1.amazonaws.com/react-app"
                  }
                ],
                "fleet": [],
                "image": "aws/codebuild/amazonlinux2-x86_64-standard:4.0",
                "image_pull_credentials_type": "CODEBUILD",
                "privileged_mode": true,
                "registry_credential": [],
                "type": "LINUX_CONTAINER"
              }
            ],
            "file_system_locations": [],
            "id": "arn:aws:codebuild:ap-south-1:004165098217:project/react-app-build",
            "logs_config": [
              {
                "cloudwatch_logs": [
                  {
                    "group_name": "",
                    "status": "ENABLED",
                    "stream_name": ""
                  }
                ],
                "s3_logs": [
                  {
                    "bucket_owner_access": "",
                    "encryption_disabled": false,
                    "location": "",
                    "status": "DISABLED"
                  }
                ]
              }
            ],
            "name": "react-app-build",
            "project_visibility": "PRIVATE",
            "public_project_alias": "",
            "queued_timeout": 480,
            "resource_access_role": "",
            "secondary_artifacts": [],
            "secondary_source_version": [],
            "secondary_sources": [],
            "service_role": "arn:aws:iam::004165098217:role/react-app-codebuild-role",
            "source": [
              {
                "auth": [],
                "build_status_config": [],
                "buildspec": "buildspec.yml",
                "git_clone_depth": 0,
                "git_submodules_config": [],
                "insecure_ssl": false,
                "location": "",
                "report_build_status": false,
                "type": "CODEPIPELINE"
              }
            ],
            "source_version": "",
            "tags": null,
            "tags_all": {},
            "vpc_config": []
          },
          "sensitive_attributes": [],
          "private": "bnVsbA==",
          "dependencies": [
            "aws_ecr_repository.app",
            "aws_iam_role.codebuild_role"
          ]
        }
      ]
    },
    {
      "mode": "managed",
      "type": "aws_codepipeline",
      "name": "app_pipeline",
      "provider": "provider[\"registry.terraform.io/hashicorp/aws\"]",
      "instances": [
        {
          "schema_version": 0,
          "attributes": {
            "arn": "arn:aws:codepipeline:ap-south-1:004165098217:react-app-pipeline",
            "artifact_store": [
              {
                "encryption_key": [],
                "location": "react-app-artifacts20250504145658651200000001",
                "region": "",
                "type": "S3"
              }
            ],
            "execution_mode": "SUPERSEDED",
            "id": "react-app-pipeline",
            "name": "react-app-pipeline",
            "pipeline_type": "V1",
            "role_arn": "arn:aws:iam::004165098217:role/react-app-codepipeline-role",
            "stage": [
              {
                "action": [
                  {
                    "category": "Source",
                    "configuration": {
                      "BranchName": "feature/docker-container-ecr",
                      "ConnectionArn": "arn:aws:codestar-connections:ap-south-1:004165098217:connection/42c861f2-2b06-4c4e-8b23-70d2565191a9",
                      "FullRepositoryId": "mc-aravind/my-app"
                    },
                    "input_artifacts": null,
                    "name": "Source",
                    "namespace": "",
                    "output_artifacts": [
                      "source_output"
                    ],
                    "owner": "AWS",
                    "provider": "CodeStarSourceConnection",
                    "region": "",
                    "role_arn": "",
                    "run_order": 1,
                    "timeout_in_minutes": 0,
                    "version": "1"
                  }
                ],
                "before_entry": [],
                "name": "Source",
                "on_failure": [],
                "on_success": []
              },
              {
                "action": [
                  {
                    "category": "Build",
                    "configuration": {
                      "ProjectName": "react-app-build"
                    },
                    "input_artifacts": [
                      "source_output"
                    ],
                    "name": "Build",
                    "namespace": "",
                    "output_artifacts": [
                      "build_output"
                    ],
                    "owner": "AWS",
                    "provider": "CodeBuild",
                    "region": "",
                    "role_arn": "",
                    "run_order": 1,
                    "timeout_in_minutes": 0,
                    "version": "1"
                  }
                ],
                "before_entry": [],
                "name": "Build",
                "on_failure": [],
                "on_success": []
              },
              {
                "action": [
                  {
                    "category": "Deploy",
                    "configuration": {
                      "ClusterName": "react-app-cluster",
                      "ServiceName": "react-app"
                    },
                    "input_artifacts": [
                      "build_output"
                    ],
                    "name": "Deploy",
                    "namespace": "",
                    "output_artifacts": null,
                    "owner": "AWS",
                    "provider": "ECS",
                    "region": "",
                    "role_arn": "",
                    "run_order": 1,
                    "timeout_in_minutes": 0,
                    "version": "1"
                  }
                ],
                "before_entry": [],
                "name": "Deploy",
                "on_failure": [],
                "on_success": []
              }
            ],
            "tags": null,
            "tags_all": {},
            "trigger": [],
            "trigger_all": [],
            "variable": []
          },
          "sensitive_attributes": [],
          "private": "bnVsbA==",
          "dependencies": [
            "aws_cloudwatch_log_group.ecs",
            "aws_codebuild_project.app_build",
            "aws_codestarconnections_connection.github",
            "aws_default_subnet.default_az1",
            "aws_default_vpc.default",
            "aws_ecr_repository.app",
            "aws_ecs_cluster.main",
            "aws_ecs_service.app",
            "aws_ecs_task_definition.app",
            "aws_iam_role.codebuild_role",
            "aws_iam_role.codepipeline_role",
            "aws_iam_role.ecs_execution_role",
            "aws_s3_bucket.artifacts",
            "aws_security_group.ecs_tasks"
          ]
        }
      ]
    },
    {
      "mode": "managed",
      "type": "aws_codestarconnections_connection",
      "name": "github",
      "provider": "provider[\"registry.terraform.io/hashicorp/aws\"]",
      "instances": [
        {
          "schema_version": 0,
          "attributes": {
            "arn": "arn:aws:codestar-connections:ap-south-1:004165098217:connection/42c861f2-2b06-4c4e-8b23-70d2565191a9",
            "connection_status": "PENDING",
            "host_arn": "",
            "id": "arn:aws:codestar-connections:ap-south-1:004165098217:connection/42c861f2-2b06-4c4e-8b23-70d2565191a9",
            "name": "react-app-github",
            "provider_type": "GitHub",
            "tags": null,
            "tags_all": {}
          },
          "sensitive_attributes": [],
          "private": "bnVsbA=="
        }
      ]
    },
    {
      "mode": "managed",
      "type": "aws_default_subnet",
      "name": "default_az1",
      "provider": "provider[\"registry.terraform.io/hashicorp/aws\"]",
      "instances": [
        {
          "schema_version": 1,
          "attributes": {
            "arn": "arn:aws:ec2:ap-south-1:004165098217:subnet/subnet-01fd3d33cd2b33998",
            "assign_ipv6_address_on_creation": false,
            "availability_zone": "ap-south-1a",
            "availability_zone_id": "aps1-az1",
            "cidr_block": "172.31.32.0/20",
            "customer_owned_ipv4_pool": "",
            "enable_dns64": false,
            "enable_lni_at_device_index": 0,
            "enable_resource_name_dns_a_record_on_launch": false,
            "enable_resource_name_dns_aaaa_record_on_launch": false,
            "existing_default_subnet": true,
            "force_destroy": false,
            "id": "subnet-01fd3d33cd2b33998",
            "ipv6_cidr_block": "",
            "ipv6_cidr_block_association_id": "",
            "ipv6_native": false,
            "map_customer_owned_ip_on_launch": false,
            "map_public_ip_on_launch": true,
            "outpost_arn": "",
            "owner_id": "004165098217",
            "private_dns_hostname_type_on_launch": "ip-name",
            "tags": null,
            "tags_all": {},
            "timeouts": null,
            "vpc_id": "vpc-0e4956100c37fff93"
          },
          "sensitive_attributes": [],
          "private": "eyJlMmJmYjczMC1lY2FhLTExZTYtOGY4OC0zNDM2M2JjN2M0YzAiOnsiY3JlYXRlIjo2MDAwMDAwMDAwMDAsImRlbGV0ZSI6MTIwMDAwMDAwMDAwMH0sInNjaGVtYV92ZXJzaW9uIjoiMSJ9"
        }
      ]
    },
    {
      "mode": "managed",
      "type": "aws_default_vpc",
      "name": "default",
      "provider": "provider[\"registry.terraform.io/hashicorp/aws\"]",
      "instances": [
        {
          "schema_version": 1,
          "attributes": {
            "arn": "arn:aws:ec2:ap-south-1:004165098217:vpc/vpc-0e4956100c37fff93",
            "assign_generated_ipv6_cidr_block": false,
            "cidr_block": "172.31.0.0/16",
            "default_network_acl_id": "acl-001cbfca10d960596",
            "default_route_table_id": "rtb-0da4b2e85dcdcdbe1",
            "default_security_group_id": "sg-0004b0e4d6417e160",
            "dhcp_options_id": "dopt-002e118c612793b5a",
            "enable_dns_hostnames": true,
            "enable_dns_support": true,
            "enable_network_address_usage_metrics": false,
            "existing_default_vpc": true,
            "force_destroy": false,
            "id": "vpc-0e4956100c37fff93",
            "instance_tenancy": "default",
            "ipv6_association_id": "",
            "ipv6_cidr_block": "",
            "ipv6_cidr_block_network_border_group": "",
            "ipv6_ipam_pool_id": "",
            "ipv6_netmask_length": 0,
            "main_route_table_id": "rtb-0da4b2e85dcdcdbe1",
            "owner_id": "004165098217",
            "tags": null,
            "tags_all": {}
          },
          "sensitive_attributes": [],
          "private": "eyJzY2hlbWFfdmVyc2lvbiI6IjEifQ=="
        }
      ]
    },
    {
      "mode": "managed",
      "type": "aws_ecr_repository",
      "name": "app",
      "provider": "provider[\"registry.terraform.io/hashicorp/aws\"]",
      "instances": [
        {
          "schema_version": 0,
          "attributes": {
            "arn": "arn:aws:ecr:ap-south-1:004165098217:repository/react-app",
            "encryption_configuration": [
              {
                "encryption_type": "AES256",
                "kms_key": ""
              }
            ],
            "force_delete": true,
            "id": "react-app",
            "image_scanning_configuration": [
              {
                "scan_on_push": false
              }
            ],
            "image_tag_mutability": "MUTABLE",
            "name": "react-app",
            "registry_id": "004165098217",
            "repository_url": "004165098217.dkr.ecr.ap-south-1.amazonaws.com/react-app",
            "tags": null,
            "tags_all": {},
            "timeouts": null
          },
          "sensitive_attributes": [],
          "private": "eyJlMmJmYjczMC1lY2FhLTExZTYtOGY4OC0zNDM2M2JjN2M0YzAiOnsiZGVsZXRlIjoxMjAwMDAwMDAwMDAwfX0="
        }
      ]
    },
    {
      "mode": "managed",
      "type": "aws_ecs_cluster",
      "name": "main",
      "provider": "provider[\"registry.terraform.io/hashicorp/aws\"]",
      "instances": [
        {
          "schema_version": 0,
          "attributes": {
            "arn": "arn:aws:ecs:ap-south-1:004165098217:cluster/react-app-cluster",
            "configuration": [],
            "id": "arn:aws:ecs:ap-south-1:004165098217:cluster/react-app-cluster",
            "name": "react-app-cluster",
            "service_connect_defaults": [],
            "setting": [
              {
                "name": "containerInsights",
                "value": "disabled"
              }
            ],
            "tags": null,
            "tags_all": {}
          },
          "sensitive_attributes": [],
          "private": "bnVsbA=="
        }
      ]
    },
    {
      "mode": "managed",
      "type": "aws_ecs_service",
      "name": "app",
      "provider": "provider[\"registry.terraform.io/hashicorp/aws\"]",
      "instances": [
        {
          "schema_version": 1,
          "attributes": {
            "alarms": [],
            "availability_zone_rebalancing": "DISABLED",
            "capacity_provider_strategy": [],
            "cluster": "arn:aws:ecs:ap-south-1:004165098217:cluster/react-app-cluster",
            "deployment_circuit_breaker": [
              {
                "enable": false,
                "rollback": false
              }
            ],
            "deployment_controller": [
              {
                "type": "ECS"
              }
            ],
            "deployment_maximum_percent": 200,
            "deployment_minimum_healthy_percent": 100,
            "desired_count": 1,
            "enable_ecs_managed_tags": false,
            "enable_execute_command": false,
            "force_delete": null,
            "force_new_deployment": null,
            "health_check_grace_period_seconds": 0,
            "iam_role": "/aws-service-role/ecs.amazonaws.com/AWSServiceRoleForECS",
            "id": "arn:aws:ecs:ap-south-1:004165098217:service/react-app-cluster/react-app",
            "launch_type": "FARGATE",
            "load_balancer": [],
            "name": "react-app",
            "network_configuration": [
              {
                "assign_public_ip": true,
                "security_groups": [
                  "sg-0a7fc52e38ab71d15"
                ],
                "subnets": [
                  "subnet-01fd3d33cd2b33998"
                ]
              }
            ],
            "ordered_placement_strategy": [],
            "placement_constraints": [],
            "platform_version": "LATEST",
            "propagate_tags": "NONE",
            "scheduling_strategy": "REPLICA",
            "service_connect_configuration": [],
            "service_registries": [],
            "tags": null,
            "tags_all": {},
            "task_definition": "arn:aws:ecs:ap-south-1:004165098217:task-definition/react-app:4",
            "timeouts": null,
            "triggers": {},
            "volume_configuration": [],
            "vpc_lattice_configurations": [],
            "wait_for_steady_state": false
          },
          "sensitive_attributes": [],
          "private": "eyJlMmJmYjczMC1lY2FhLTExZTYtOGY4OC0zNDM2M2JjN2M0YzAiOnsiY3JlYXRlIjoxMjAwMDAwMDAwMDAwLCJkZWxldGUiOjEyMDAwMDAwMDAwMDAsInVwZGF0ZSI6MTIwMDAwMDAwMDAwMH0sInNjaGVtYV92ZXJzaW9uIjoiMSJ9",
          "dependencies": [
            "aws_cloudwatch_log_group.ecs",
            "aws_default_subnet.default_az1",
            "aws_default_vpc.default",
            "aws_ecr_repository.app",
            "aws_ecs_cluster.main",
            "aws_ecs_task_definition.app",
            "aws_iam_role.ecs_execution_role",
            "aws_security_group.ecs_tasks"
          ]
        }
      ]
    },
    {
      "mode": "managed",
      "type": "aws_ecs_task_definition",
      "name": "app",
      "provider": "provider[\"registry.terraform.io/hashicorp/aws\"]",
      "instances": [
        {
          "schema_version": 1,
          "attributes": {
            "arn": "arn:aws:ecs:ap-south-1:004165098217:task-definition/react-app:4",
            "arn_without_revision": "arn:aws:ecs:ap-south-1:004165098217:task-definition/react-app",
            "container_definitions": "[{\"environment\":[],\"essential\":true,\"image\":\"004165098217.dkr.ecr.ap-south-1.amazonaws.com/react-app:latest\",\"logConfiguration\":{\"logDriver\":\"awslogs\",\"options\":{\"awslogs-group\":\"/ecs/react-app\",\"awslogs-region\":\"ap-south-1\",\"awslogs-stream-prefix\":\"ecs\"}},\"mountPoints\":[],\"name\":\"react-app\",\"portMappings\":[{\"containerPort\":80,\"hostPort\":80,\"protocol\":\"tcp\"}],\"systemControls\":[],\"volumesFrom\":[]}]",
            "cpu": "256",
            "enable_fault_injection": false,
            "ephemeral_storage": [],
            "execution_role_arn": "arn:aws:iam::004165098217:role/ecs-execution-role",
            "family": "react-app",
            "id": "react-app",
            "inference_accelerator": [],
            "ipc_mode": "",
            "memory": "512",
            "network_mode": "awsvpc",
            "pid_mode": "",
            "placement_constraints": [],
            "proxy_configuration": [],
            "requires_compatibilities": [
              "FARGATE"
            ],
            "revision": 4,
            "runtime_platform": [],
            "skip_destroy": false,
            "tags": null,
            "tags_all": {},
            "task_role_arn": "",
            "track_latest": false,
            "volume": []
          },
          "sensitive_attributes": [],
          "private": "eyJzY2hlbWFfdmVyc2lvbiI6IjEifQ==",
          "dependencies": [
            "aws_cloudwatch_log_group.ecs",
            "aws_ecr_repository.app",
            "aws_iam_role.ecs_execution_role"
          ]
        }
      ]
    },
    {
      "mode": "managed",
      "type": "aws_iam_role",
      "name": "codebuild_role",
      "provider": "provider[\"registry.terraform.io/hashicorp/aws\"]",
      "instances": [
        {
          "schema_version": 0,
          "attributes": {
            "arn": "arn:aws:iam::004165098217:role/react-app-codebuild-role",
            "assume_role_policy": "{\"Statement\":[{\"Action\":\"sts:AssumeRole\",\"Effect\":\"Allow\",\"Principal\":{\"Service\":\"codebuild.amazonaws.com\"}}],\"Version\":\"2012-10-17\"}",
            "create_date": "2025-05-04T14:56:59Z",
            "description": "",
            "force_detach_policies": false,
            "id": "react-app-codebuild-role",
            "inline_policy": [],
            "managed_policy_arns": [],
            "max_session_duration": 3600,
            "name": "react-app-codebuild-role",
            "name_prefix": "",
            "path": "/",
            "permissions_boundary": "",
            "tags": null,
            "tags_all": {},
            "unique_id": "AROAQB6CCLLUWQLQ33KAO"
          },
          "sensitive_attributes": [],
          "private": "bnVsbA=="
        }
      ]
    },
    {
      "mode": "managed",
      "type": "aws_iam_role",
      "name": "codepipeline_role",
      "provider": "provider[\"registry.terraform.io/hashicorp/aws\"]",
      "instances": [
        {
          "schema_version": 0,
          "attributes": {
            "arn": "arn:aws:iam::004165098217:role/react-app-codepipeline-role",
            "assume_role_policy": "{\"Statement\":[{\"Action\":\"sts:AssumeRole\",\"Effect\":\"Allow\",\"Principal\":{\"Service\":\"codepipeline.amazonaws.com\"}}],\"Version\":\"2012-10-17\"}",
            "create_date": "2025-05-04T14:56:59Z",
            "description": "",
            "force_detach_policies": false,
            "id": "react-app-codepipeline-role",
            "inline_policy": [],
            "managed_policy_arns": [],
            "max_session_duration": 3600,
            "name": "react-app-codepipeline-role",
            "name_prefix": "",
            "path": "/",
            "permissions_boundary": "",
            "tags": null,
            "tags_all": {},
            "unique_id": "AROAQB6CCLLUT3MITYZ5M"
          },
          "sensitive_attributes": [],
          "private": "bnVsbA=="
        }
      ]
    },
    {
      "mode": "managed",
      "type": "aws_iam_role",
      "name": "ecs_execution_role",
      "provider": "provider[\"registry.terraform.io/hashicorp/aws\"]",
      "instances": [
        {
          "schema_version": 0,
          "attributes": {
            "arn": "arn:aws:iam::004165098217:role/ecs-execution-role",
            "assume_role_policy": "{\"Statement\":[{\"Action\":\"sts:AssumeRole\",\"Effect\":\"Allow\",\"Principal\":{\"Service\":\"ecs-tasks.amazonaws.com\"}}],\"Version\":\"2012-10-17\"}",
            "create_date": "2025-05-04T14:56:59Z",
            "description": "",
            "force_detach_policies": false,
            "id": "ecs-execution-role",
            "inline_policy": [],
            "managed_policy_arns": [],
            "max_session_duration": 3600,
            "name": "ecs-execution-role",
            "name_prefix": "",
            "path": "/",
            "permissions_boundary": "",
            "tags": null,
            "tags_all": {},
            "unique_id": "AROAQB6CCLLUZ3QVJIZPG"
          },
          "sensitive_attributes": [],
          "private": "bnVsbA=="
        }
      ]
    },
    {
      "mode": "managed",
      "type": "aws_iam_role_policy",
      "name": "codebuild_policy",
      "provider": "provider[\"registry.terraform.io/hashicorp/aws\"]",
      "instances": [
        {
          "schema_version": 0,
          "attributes": {
            "id": "react-app-codebuild-role:terraform-20250504145700783600000002",
            "name": "terraform-20250504145700783600000002",
            "name_prefix": "terraform-",
            "policy": "{\"Version\":\"2012-10-17\",\"Statement\":[{\"Action\":[\"logs:*\",\"ecr:*\",\"s3:*\",\"ecs:*\"],\"Effect\":\"Allow\",\"Resource\":[\"*\"]}]}",
            "role": "react-app-codebuild-role"
          },
          "sensitive_attributes": [],
          "private": "bnVsbA==",
          "dependencies": [
            "aws_iam_role.codebuild_role"
          ]
        }
      ]
    },
    {
      "mode": "managed",
      "type": "aws_iam_role_policy",
      "name": "codepipeline_policy",
      "provider": "provider[\"registry.terraform.io/hashicorp/aws\"]",
      "instances": [
        {
          "schema_version": 0,
          "attributes": {
            "id": "react-app-codepipeline-role:react-app-codepipeline-policy",
            "name": "react-app-codepipeline-policy",
            "name_prefix": "",
            "policy": "{\"Version\":\"2012-10-17\",\"Statement\":[{\"Action\":[\"s3:*\",\"ecr:*\",\"ecs:*\",\"codebuild:*\",\"codestar-connections:*\"],\"Effect\":\"Allow\",\"Resource\":\"*\"}]}",
            "role": "react-app-codepipeline-role"
          },
          "sensitive_attributes": [],
          "private": "bnVsbA==",
          "dependencies": [
            "aws_iam_role.codepipeline_role"
          ]
        }
      ]
    },
    {
      "mode": "managed",
      "type": "aws_iam_role_policy_attachment",
      "name": "ecs_execution_role_policy",
      "provider": "provider[\"registry.terraform.io/hashicorp/aws\"]",
      "instances": [
        {
          "schema_version": 0,
          "attributes": {
            "id": "ecs-execution-role-20250504145701031300000003",
            "policy_arn": "arn:aws:iam::aws:policy/service-role/AmazonECSTaskExecutionRolePolicy",
            "role": "ecs-execution-role"
          },
          "sensitive_attributes": [],
          "private": "bnVsbA==",
          "dependencies": [
            "aws_iam_role.ecs_execution_role"
          ]
        }
      ]
    },
    {
      "mode": "managed",
      "type": "aws_s3_bucket",
      "name": "artifacts",
      "provider": "provider[\"registry.terraform.io/hashicorp/aws\"]",
      "instances": [
        {
          "schema_version": 0,
          "attributes": {
            "acceleration_status": "",
            "acl": null,
            "arn": "arn:aws:s3:::react-app-artifacts20250504145658651200000001",
            "bucket": "react-app-artifacts20250504145658651200000001",
            "bucket_domain_name": "react-app-artifacts20250504145658651200000001.s3.amazonaws.com",
            "bucket_prefix": "react-app-artifacts",
            "bucket_regional_domain_name": "react-app-artifacts20250504145658651200000001.s3.ap-south-1.amazonaws.com",
            "cors_rule": [],
            "force_destroy": true,
            "grant": [
              {
                "id": "1c7c6836a5bdbee56113e01e390c6405c52f9f582b1345af9f1eac25ae3100a5",
                "permissions": [
                  "FULL_CONTROL"
                ],
                "type": "CanonicalUser",
                "uri": ""
              }
            ],
            "hosted_zone_id": "Z11RGJOFQNVJUP",
            "id": "react-app-artifacts20250504145658651200000001",
            "lifecycle_rule": [],
            "logging": [],
            "object_lock_configuration": [],
            "object_lock_enabled": false,
            "policy": "",
            "region": "ap-south-1",
            "replication_configuration": [],
            "request_payer": "BucketOwner",
            "server_side_encryption_configuration": [
              {
                "rule": [
                  {
                    "apply_server_side_encryption_by_default": [
                      {
                        "kms_master_key_id": "",
                        "sse_algorithm": "AES256"
                      }
                    ],
                    "bucket_key_enabled": false
                  }
                ]
              }
            ],
            "tags": null,
            "tags_all": {},
            "timeouts": null,
            "versioning": [
              {
                "enabled": false,
                "mfa_delete": false
              }
            ],
            "website": [],
            "website_domain": null,
            "website_endpoint": null
          },
          "sensitive_attributes": [],
          "private": "eyJlMmJmYjczMC1lY2FhLTExZTYtOGY4OC0zNDM2M2JjN2M0YzAiOnsiY3JlYXRlIjoxMjAwMDAwMDAwMDAwLCJkZWxldGUiOjM2MDAwMDAwMDAwMDAsInJlYWQiOjEyMDAwMDAwMDAwMDAsInVwZGF0ZSI6MTIwMDAwMDAwMDAwMH19"
        }
      ]
    },
    {
      "mode": "managed",
      "type": "aws_security_group",
      "name": "ecs_tasks",
      "provider": "provider[\"registry.terraform.io/hashicorp/aws\"]",
      "instances": [
        {
          "schema_version": 1,
          "attributes": {
            "arn": "arn:aws:ec2:ap-south-1:004165098217:security-group/sg-0a7fc52e38ab71d15",
            "description": "Allow inbound traffic for ECS tasks",
            "egress": [
              {
                "cidr_blocks": [
                  "0.0.0.0/0"
                ],
                "description": "",
                "from_port": 0,
                "ipv6_cidr_blocks": [],
                "prefix_list_ids": [],
                "protocol": "-1",
                "security_groups": [],
                "self": false,
                "to_port": 0
              }
            ],
            "id": "sg-0a7fc52e38ab71d15",
            "ingress": [
              {
                "cidr_blocks": [
                  "0.0.0.0/0"
                ],
                "description": "",
                "from_port": 80,
                "ipv6_cidr_blocks": [],
                "prefix_list_ids": [],
                "protocol": "tcp",
                "security_groups": [],
                "self": false,
                "to_port": 80
              }
            ],
            "name": "react-app-ecs-sg",
            "name_prefix": "",
            "owner_id": "004165098217",
            "revoke_rules_on_delete": false,
            "tags": null,
            "tags_all": {},
            "timeouts": null,
            "vpc_id": "vpc-0e4956100c37fff93"
          },
          "sensitive_attributes": [],
          "private": "eyJlMmJmYjczMC1lY2FhLTExZTYtOGY4OC0zNDM2M2JjN2M0YzAiOnsiY3JlYXRlIjo2MDAwMDAwMDAwMDAsImRlbGV0ZSI6OTAwMDAwMDAwMDAwfSwic2NoZW1hX3ZlcnNpb24iOiIxIn0=",
          "dependencies": [
            "aws_default_vpc.default"
          ]
        }
      ]
    }
  ],
  "check_results": null
}
