{
  "version": 4,
  "terraform_version": "1.11.4",
  "serial": 164,
  "lineage": "8fa82fd2-4d84-a140-b34a-6aac57e505cf",
  "outputs": {
    "repository_url": {
      "value": "004165098217.dkr.ecr.ap-south-1.amazonaws.com/react-app",
      "type": "string"
    }
  },
  "resources": [
    {
      "mode": "managed",
      "type": "aws_ecr_repository",
      "name": "app",
      "provider": "provider[\"registry.terraform.io/hashicorp/aws\"]",
      "instances": [
        {
          "schema_version": 0,
          "attributes": {
            "arn": "arn:aws:ecr:ap-south-1:004165098217:repository/react-app",
            "encryption_configuration": [
              {
                "encryption_type": "AES256",
                "kms_key": ""
              }
            ],
            "force_delete": true,
            "id": "react-app",
            "image_scanning_configuration": [
              {
                "scan_on_push": false
              }
            ],
            "image_tag_mutability": "MUTABLE",
            "name": "react-app",
            "registry_id": "004165098217",
            "repository_url": "004165098217.dkr.ecr.ap-south-1.amazonaws.com/react-app",
            "tags": null,
            "tags_all": {},
            "timeouts": null
          },
          "sensitive_attributes": [],
          "private": "eyJlMmJmYjczMC1lY2FhLTExZTYtOGY4OC0zNDM2M2JjN2M0YzAiOnsiZGVsZXRlIjoxMjAwMDAwMDAwMDAwfX0="
        }
      ]
    }
  ],
  "check_results": null
}
